
Microsoft Visual Studio Solution File, Format Version 12.00
# Visual Studio Version 16
VisualStudioVersion = 16.0.29209.152
MinimumVisualStudioVersion = 10.0.40219.1
Project("{9A19103F-16F7-4668-BE54-9A1E7A4F7556}") = "PasLib", "PasLib\PasLib.csproj", "{388655D2-4FAA-4A81-A592-E1DC69A3482B}"
EndProject
Project("{9A19103F-16F7-4668-BE54-9A1E7A4F7556}") = "PasLibTest", "PasLibTest\PasLibTest.csproj", "{FB7F067C-91C3-49BB-8A17-C52AC873EF57}"
EndProject
Project("{2150E333-8FDC-42A3-9474-1A3956D46DE8}") = "Solution Items", "Solution Items", "{35FE70C4-2825-420D-94F0-32A0002FFA4F}"
	ProjectSection(SolutionItems) = preProject
		README.md = README.md
	EndProjectSection
EndProject
Project("{9A19103F-16F7-4668-BE54-9A1E7A4F7556}") = "PasWebApi", "PasWebApi\PasWebApi.csproj", "{A104A028-F718-449C-A7FF-C0CCED2B44B9}"
EndProject
Project("{9A19103F-16F7-4668-BE54-9A1E7A4F7556}") = "PasApiClient", "PasApiClient\PasApiClient.csproj", "{6E637848-4006-4794-B690-846A9B0D7F62}"
EndProject
Project("{9A19103F-16F7-4668-BE54-9A1E7A4F7556}") = "PasApiClientTest", "PasApiClientTest\PasApiClientTest.csproj", "{D6CC720E-64AD-4C7D-A5DA-2E84C4C2E3C5}"
EndProject
Global
	GlobalSection(SolutionConfigurationPlatforms) = preSolution
		Debug|Any CPU = Debug|Any CPU
		Debug|x64 = Debug|x64
		Debug|x86 = Debug|x86
		Release|Any CPU = Release|Any CPU
		Release|x64 = Release|x64
		Release|x86 = Release|x86
	EndGlobalSection
	GlobalSection(ProjectConfigurationPlatforms) = postSolution
		{388655D2-4FAA-4A81-A592-E1DC69A3482B}.Debug|Any CPU.ActiveCfg = Debug|Any CPU
		{388655D2-4FAA-4A81-A592-E1DC69A3482B}.Debug|Any CPU.Build.0 = Debug|Any CPU
		{388655D2-4FAA-4A81-A592-E1DC69A3482B}.Debug|x64.ActiveCfg = Debug|Any CPU
		{388655D2-4FAA-4A81-A592-E1DC69A3482B}.Debug|x64.Build.0 = Debug|Any CPU
		{388655D2-4FAA-4A81-A592-E1DC69A3482B}.Debug|x86.ActiveCfg = Debug|Any CPU
		{388655D2-4FAA-4A81-A592-E1DC69A3482B}.Debug|x86.Build.0 = Debug|Any CPU
		{388655D2-4FAA-4A81-A592-E1DC69A3482B}.Release|Any CPU.ActiveCfg = Release|Any CPU
		{388655D2-4FAA-4A81-A592-E1DC69A3482B}.Release|Any CPU.Build.0 = Release|Any CPU
		{388655D2-4FAA-4A81-A592-E1DC69A3482B}.Release|x64.ActiveCfg = Release|Any CPU
		{388655D2-4FAA-4A81-A592-E1DC69A3482B}.Release|x64.Build.0 = Release|Any CPU
		{388655D2-4FAA-4A81-A592-E1DC69A3482B}.Release|x86.ActiveCfg = Release|Any CPU
		{388655D2-4FAA-4A81-A592-E1DC69A3482B}.Release|x86.Build.0 = Release|Any CPU
		{FB7F067C-91C3-49BB-8A17-C52AC873EF57}.Debug|Any CPU.ActiveCfg = Debug|Any CPU
		{FB7F067C-91C3-49BB-8A17-C52AC873EF57}.Debug|Any CPU.Build.0 = Debug|Any CPU
		{FB7F067C-91C3-49BB-8A17-C52AC873EF57}.Debug|x64.ActiveCfg = Debug|Any CPU
		{FB7F067C-91C3-49BB-8A17-C52AC873EF57}.Debug|x64.Build.0 = Debug|Any CPU
		{FB7F067C-91C3-49BB-8A17-C52AC873EF57}.Debug|x86.ActiveCfg = Debug|Any CPU
		{FB7F067C-91C3-49BB-8A17-C52AC873EF57}.Debug|x86.Build.0 = Debug|Any CPU
		{FB7F067C-91C3-49BB-8A17-C52AC873EF57}.Release|Any CPU.ActiveCfg = Release|Any CPU
		{FB7F067C-91C3-49BB-8A17-C52AC873EF57}.Release|Any CPU.Build.0 = Release|Any CPU
		{FB7F067C-91C3-49BB-8A17-C52AC873EF57}.Release|x64.ActiveCfg = Release|Any CPU
		{FB7F067C-91C3-49BB-8A17-C52AC873EF57}.Release|x64.Build.0 = Release|Any CPU
		{FB7F067C-91C3-49BB-8A17-C52AC873EF57}.Release|x86.ActiveCfg = Release|Any CPU
		{FB7F067C-91C3-49BB-8A17-C52AC873EF57}.Release|x86.Build.0 = Release|Any CPU
		{A104A028-F718-449C-A7FF-C0CCED2B44B9}.Debug|Any CPU.ActiveCfg = Debug|Any CPU
		{A104A028-F718-449C-A7FF-C0CCED2B44B9}.Debug|Any CPU.Build.0 = Debug|Any CPU
		{A104A028-F718-449C-A7FF-C0CCED2B44B9}.Debug|x64.ActiveCfg = Debug|Any CPU
		{A104A028-F718-449C-A7FF-C0CCED2B44B9}.Debug|x64.Build.0 = Debug|Any CPU
		{A104A028-F718-449C-A7FF-C0CCED2B44B9}.Debug|x86.ActiveCfg = Debug|Any CPU
		{A104A028-F718-449C-A7FF-C0CCED2B44B9}.Debug|x86.Build.0 = Debug|Any CPU
		{A104A028-F718-449C-A7FF-C0CCED2B44B9}.Release|Any CPU.ActiveCfg = Release|Any CPU
		{A104A028-F718-449C-A7FF-C0CCED2B44B9}.Release|Any CPU.Build.0 = Release|Any CPU
		{A104A028-F718-449C-A7FF-C0CCED2B44B9}.Release|x64.ActiveCfg = Release|Any CPU
		{A104A028-F718-449C-A7FF-C0CCED2B44B9}.Release|x64.Build.0 = Release|Any CPU
		{A104A028-F718-449C-A7FF-C0CCED2B44B9}.Release|x86.ActiveCfg = Release|Any CPU
		{A104A028-F718-449C-A7FF-C0CCED2B44B9}.Release|x86.Build.0 = Release|Any CPU
		{6E637848-4006-4794-B690-846A9B0D7F62}.Debug|Any CPU.ActiveCfg = Debug|Any CPU
		{6E637848-4006-4794-B690-846A9B0D7F62}.Debug|Any CPU.Build.0 = Debug|Any CPU
		{6E637848-4006-4794-B690-846A9B0D7F62}.Debug|x64.ActiveCfg = Debug|Any CPU
		{6E637848-4006-4794-B690-846A9B0D7F62}.Debug|x64.Build.0 = Debug|Any CPU
		{6E637848-4006-4794-B690-846A9B0D7F62}.Debug|x86.ActiveCfg = Debug|Any CPU
		{6E637848-4006-4794-B690-846A9B0D7F62}.Debug|x86.Build.0 = Debug|Any CPU
		{6E637848-4006-4794-B690-846A9B0D7F62}.Release|Any CPU.ActiveCfg = Release|Any CPU
		{6E637848-4006-4794-B690-846A9B0D7F62}.Release|Any CPU.Build.0 = Release|Any CPU
		{6E637848-4006-4794-B690-846A9B0D7F62}.Release|x64.ActiveCfg = Release|Any CPU
		{6E637848-4006-4794-B690-846A9B0D7F62}.Release|x64.Build.0 = Release|Any CPU
		{6E637848-4006-4794-B690-846A9B0D7F62}.Release|x86.ActiveCfg = Release|Any CPU
		{6E637848-4006-4794-B690-846A9B0D7F62}.Release|x86.Build.0 = Release|Any CPU
		{D6CC720E-64AD-4C7D-A5DA-2E84C4C2E3C5}.Debug|Any CPU.ActiveCfg = Debug|Any CPU
		{D6CC720E-64AD-4C7D-A5DA-2E84C4C2E3C5}.Debug|Any CPU.Build.0 = Debug|Any CPU
		{D6CC720E-64AD-4C7D-A5DA-2E84C4C2E3C5}.Debug|x64.ActiveCfg = Debug|Any CPU
		{D6CC720E-64AD-4C7D-A5DA-2E84C4C2E3C5}.Debug|x64.Build.0 = Debug|Any CPU
		{D6CC720E-64AD-4C7D-A5DA-2E84C4C2E3C5}.Debug|x86.ActiveCfg = Debug|Any CPU
		{D6CC720E-64AD-4C7D-A5DA-2E84C4C2E3C5}.Debug|x86.Build.0 = Debug|Any CPU
		{D6CC720E-64AD-4C7D-A5DA-2E84C4C2E3C5}.Release|Any CPU.ActiveCfg = Release|Any CPU
		{D6CC720E-64AD-4C7D-A5DA-2E84C4C2E3C5}.Release|Any CPU.Build.0 = Release|Any CPU
		{D6CC720E-64AD-4C7D-A5DA-2E84C4C2E3C5}.Release|x64.ActiveCfg = Release|Any CPU
		{D6CC720E-64AD-4C7D-A5DA-2E84C4C2E3C5}.Release|x64.Build.0 = Release|Any CPU
		{D6CC720E-64AD-4C7D-A5DA-2E84C4C2E3C5}.Release|x86.ActiveCfg = Release|Any CPU
		{D6CC720E-64AD-4C7D-A5DA-2E84C4C2E3C5}.Release|x86.Build.0 = Release|Any CPU
	EndGlobalSection
	GlobalSection(SolutionProperties) = preSolution
		HideSolutionNode = FALSE
	EndGlobalSection
	GlobalSection(ExtensibilityGlobals) = postSolution
		SolutionGuid = {880AA330-629C-4E52-BD2E-ABD6DF2F42EE}
	EndGlobalSection
EndGlobal
